PODS:
  - SwiftSortDescriptor (0.1.0)

DEPENDENCIES:
  - SwiftSortDescriptor (from `../`)

EXTERNAL SOURCES:
  SwiftSortDescriptor:
    :path: "../"

SPEC CHECKSUMS:
  SwiftSortDescriptor: e11f29fbd0fa6204e99612ee7e9e4228ee1891d0

PODFILE CHECKSUM: 0cebf8e9f20e2e42d6d5d7b2ce7a16b1c69706b5

COCOAPODS: 1.2.0.beta.1
